
Microsoft Visual Studio Solution File, Format Version 12.00
# Visual Studio 2015
Project("{FAE04EC0-301F-11D3-BF4B-00C04F79EFBC}") = "metroid-UNITY(vrtk)", "metroid-UNITY(vrtk).csproj", "{7390E37A-D7A3-8772-A005-D5031256FA4A}"
EndProject
Project("{FAE04EC0-301F-11D3-BF4B-00C04F79EFBC}") = "metroid-UNITY(vrtk).Editor", "metroid-UNITY(vrtk).Editor.csproj", "{6EF48E24-AEA6-082C-67BA-5051221832BA}"
EndProject
Global
	GlobalSection(SolutionConfigurationPlatforms) = preSolution
		Debug|Any CPU = Debug|Any CPU
		Release|Any CPU = Release|Any CPU
	EndGlobalSection
	GlobalSection(ProjectConfigurationPlatforms) = postSolution
		{7390E37A-D7A3-8772-A005-D5031256FA4A}.Debug|Any CPU.ActiveCfg = Debug|Any CPU
		{7390E37A-D7A3-8772-A005-D5031256FA4A}.Debug|Any CPU.Build.0 = Debug|Any CPU
		{7390E37A-D7A3-8772-A005-D5031256FA4A}.Release|Any CPU.ActiveCfg = Release|Any CPU
		{7390E37A-D7A3-8772-A005-D5031256FA4A}.Release|Any CPU.Build.0 = Release|Any CPU
		{6EF48E24-AEA6-082C-67BA-5051221832BA}.Debug|Any CPU.ActiveCfg = Debug|Any CPU
		{6EF48E24-AEA6-082C-67BA-5051221832BA}.Debug|Any CPU.Build.0 = Debug|Any CPU
		{6EF48E24-AEA6-082C-67BA-5051221832BA}.Release|Any CPU.ActiveCfg = Release|Any CPU
		{6EF48E24-AEA6-082C-67BA-5051221832BA}.Release|Any CPU.Build.0 = Release|Any CPU
	EndGlobalSection
	GlobalSection(SolutionProperties) = preSolution
		HideSolutionNode = FALSE
	EndGlobalSection
EndGlobal
