Microsoft Visual Studio Solution File, Format Version 11.00
# Visual Studio 2008

Project("{02A18C2C-3CCC-DD09-B6F5-2A10708D4389}") = "metroid-UNITY(vrtk)", "Assembly-CSharp.csproj", "{C557ACA5-DB4A-A0E0-BA4C-C7D20CD7137A}"
EndProject
Project("{02A18C2C-3CCC-DD09-B6F5-2A10708D4389}") = "metroid-UNITY(vrtk)", "Assembly-CSharp-Editor.csproj", "{879CA2B0-C85D-E88A-76F8-20799A5FCDC5}"
EndProject
Global
	GlobalSection(SolutionConfigurationPlatforms) = preSolution
		Debug|Any CPU = Debug|Any CPU
		Release|Any CPU = Release|Any CPU
	EndGlobalSection
	GlobalSection(ProjectConfigurationPlatforms) = postSolution
		{C557ACA5-DB4A-A0E0-BA4C-C7D20CD7137A}.Debug|Any CPU.ActiveCfg = Debug|Any CPU
		{C557ACA5-DB4A-A0E0-BA4C-C7D20CD7137A}.Debug|Any CPU.Build.0 = Debug|Any CPU
		{C557ACA5-DB4A-A0E0-BA4C-C7D20CD7137A}.Release|Any CPU.ActiveCfg = Release|Any CPU
		{C557ACA5-DB4A-A0E0-BA4C-C7D20CD7137A}.Release|Any CPU.Build.0 = Release|Any CPU
		{879CA2B0-C85D-E88A-76F8-20799A5FCDC5}.Debug|Any CPU.ActiveCfg = Debug|Any CPU
		{879CA2B0-C85D-E88A-76F8-20799A5FCDC5}.Debug|Any CPU.Build.0 = Debug|Any CPU
		{879CA2B0-C85D-E88A-76F8-20799A5FCDC5}.Release|Any CPU.ActiveCfg = Release|Any CPU
		{879CA2B0-C85D-E88A-76F8-20799A5FCDC5}.Release|Any CPU.Build.0 = Release|Any CPU
	EndGlobalSection
	GlobalSection(SolutionProperties) = preSolution
		HideSolutionNode = FALSE
	EndGlobalSection
	GlobalSection(MonoDevelopProperties) = preSolution
		StartupItem = Assembly-CSharp.csproj
	EndGlobalSection
EndGlobal
