Microsoft Visual Studio Solution File, Format Version 11.00
# Visual Studio 2008

Project("{EB6BCF3F-D24D-9C37-76DC-FB6C25B4B2E7}") = "unity-metroid", "Assembly-CSharp-firstpass.csproj", "{761E185C-35CB-AAD0-0F7D-3EDDCFF7EE34}"
EndProject
Project("{EB6BCF3F-D24D-9C37-76DC-FB6C25B4B2E7}") = "unity-metroid", "Assembly-CSharp.csproj", "{B4C0BFD6-FBDF-8568-E568-F7852B56A408}"
EndProject
Project("{EB6BCF3F-D24D-9C37-76DC-FB6C25B4B2E7}") = "unity-metroid", "Assembly-CSharp-Editor.csproj", "{27FBF51C-D12A-FBE4-5A26-1F42C7E84481}"
EndProject
Global
	GlobalSection(SolutionConfigurationPlatforms) = preSolution
		Debug|Any CPU = Debug|Any CPU
		Release|Any CPU = Release|Any CPU
	EndGlobalSection
	GlobalSection(ProjectConfigurationPlatforms) = postSolution
		{761E185C-35CB-AAD0-0F7D-3EDDCFF7EE34}.Debug|Any CPU.ActiveCfg = Debug|Any CPU
		{761E185C-35CB-AAD0-0F7D-3EDDCFF7EE34}.Debug|Any CPU.Build.0 = Debug|Any CPU
		{761E185C-35CB-AAD0-0F7D-3EDDCFF7EE34}.Release|Any CPU.ActiveCfg = Release|Any CPU
		{761E185C-35CB-AAD0-0F7D-3EDDCFF7EE34}.Release|Any CPU.Build.0 = Release|Any CPU
		{B4C0BFD6-FBDF-8568-E568-F7852B56A408}.Debug|Any CPU.ActiveCfg = Debug|Any CPU
		{B4C0BFD6-FBDF-8568-E568-F7852B56A408}.Debug|Any CPU.Build.0 = Debug|Any CPU
		{B4C0BFD6-FBDF-8568-E568-F7852B56A408}.Release|Any CPU.ActiveCfg = Release|Any CPU
		{B4C0BFD6-FBDF-8568-E568-F7852B56A408}.Release|Any CPU.Build.0 = Release|Any CPU
		{27FBF51C-D12A-FBE4-5A26-1F42C7E84481}.Debug|Any CPU.ActiveCfg = Debug|Any CPU
		{27FBF51C-D12A-FBE4-5A26-1F42C7E84481}.Debug|Any CPU.Build.0 = Debug|Any CPU
		{27FBF51C-D12A-FBE4-5A26-1F42C7E84481}.Release|Any CPU.ActiveCfg = Release|Any CPU
		{27FBF51C-D12A-FBE4-5A26-1F42C7E84481}.Release|Any CPU.Build.0 = Release|Any CPU
	EndGlobalSection
	GlobalSection(SolutionProperties) = preSolution
		HideSolutionNode = FALSE
	EndGlobalSection
	GlobalSection(MonoDevelopProperties) = preSolution
		StartupItem = Assembly-CSharp.csproj
	EndGlobalSection
EndGlobal
